{
  "requires": true,
  "lockfileVersion": 1,
  "dependencies": {
    "@types/core-js": {
      "version": "0.9.43",
      "resolved": "https://registry.npmjs.org/@types/core-js/-/core-js-0.9.43.tgz",
      "integrity": "sha512-Y11dktBJ5YwKXX8DfHSb9V6shXKSHN5P2URPZLHTRjX3OsO/u8u1kZnSJvsuSH74aTg8f5ZKcpEeCdIJOcBkHg=="
    },
    "@types/keytar": {
      "version": "4.0.1",
      "resolved": "https://registry.npmjs.org/@types/keytar/-/keytar-4.0.1.tgz",
      "integrity": "sha512-loKBID6UL4QjhD2scuvv6oAPlQ/WAY7aYTDyKlKo7fIgriLS8EZExqT567cHL5CY6si51MRoX1+r3mitD3eYrA==",
      "dev": true
    },
    "@types/minimist": {
      "version": "1.2.0",
      "resolved": "https://registry.npmjs.org/@types/minimist/-/minimist-1.2.0.tgz",
      "integrity": "sha1-aaI6OtKcrwCX8G7aWbNh7i8GOfY=",
      "dev": true
    },
    "@types/mocha": {
      "version": "2.2.42",
      "resolved": "https://registry.npmjs.org/@types/mocha/-/mocha-2.2.42.tgz",
      "integrity": "sha512-b6gVDoxEbAQGwbV7gSzeFw/hy3/eEAokztktdzl4bHvGgb9K5zW4mVQDlVYch2w31m8t/J7L2iqhQvz3r5edCQ==",
      "dev": true
    },
    "@types/semver": {
      "version": "5.4.0",
      "resolved": "https://registry.npmjs.org/@types/semver/-/semver-5.4.0.tgz",
      "integrity": "sha512-PBHCvO98hNec9A491vBbh0ZNDOVxccwKL1u2pm6fs9oDgm7SEnw0lEHqHfjsYryDxnE3zaf7LvERWEXjOp1hig==",
      "dev": true
    },
    "@types/sinon": {
      "version": "1.16.36",
      "resolved": "https://registry.npmjs.org/@types/sinon/-/sinon-1.16.36.tgz",
      "integrity": "sha1-dLtu15KFl8Gz+xsAkAXpTcbq41c=",
      "dev": true
    },
    "@types/winreg": {
      "version": "1.2.30",
      "resolved": "https://registry.npmjs.org/@types/winreg/-/winreg-1.2.30.tgz",
      "integrity": "sha1-kdZxDlNtNFucmwF8V0z2qNpkxRg=",
      "dev": true
    },
    "monaco-editor": {
      "version": "0.10.0",
      "resolved": "https://registry.npmjs.org/monaco-editor/-/monaco-editor-0.10.0.tgz",
      "integrity": "sha1-ZgSTJYX+nB+ZPwAKUD0NIPvliWo="
    },
    "typescript": {
      "version": "https://registry.npmjs.org/typescript/-/typescript-2.4.1.tgz",
      "integrity": "sha1-w8yxbdqgsjFN4DHn5v7onlujRrw="
    }
  }
}
